
Microsoft Visual Studio Solution File, Format Version 12.00
# Visual Studio Version 16
VisualStudioVersion = 16.0.31313.79
MinimumVisualStudioVersion = 10.0.40219.1
Project("{9A19103F-16F7-4668-BE54-9A1E7A4F7556}") = "BlazorTry1.Server", "BlazorTry1\Server\BlazorTry1.Server.csproj", "{A9EFDF62-2C53-4B29-85BC-82E1A04B3CCE}"
EndProject
Project("{9A19103F-16F7-4668-BE54-9A1E7A4F7556}") = "BlazorTry1.Client", "BlazorTry1\Client\BlazorTry1.Client.csproj", "{7777CC2F-36B1-4B8C-9ED5-A084C97A6B48}"
EndProject
Project("{9A19103F-16F7-4668-BE54-9A1E7A4F7556}") = "BlazorTry1.Shared", "BlazorTry1\Shared\BlazorTry1.Shared.csproj", "{4A20FFED-3ACD-44AC-AFB7-631CEB4C422D}"
EndProject
Global
	GlobalSection(SolutionConfigurationPlatforms) = preSolution
		Debug|Any CPU = Debug|Any CPU
		Release|Any CPU = Release|Any CPU
	EndGlobalSection
	GlobalSection(ProjectConfigurationPlatforms) = postSolution
		{A9EFDF62-2C53-4B29-85BC-82E1A04B3CCE}.Debug|Any CPU.ActiveCfg = Debug|Any CPU
		{A9EFDF62-2C53-4B29-85BC-82E1A04B3CCE}.Debug|Any CPU.Build.0 = Debug|Any CPU
		{A9EFDF62-2C53-4B29-85BC-82E1A04B3CCE}.Release|Any CPU.ActiveCfg = Release|Any CPU
		{A9EFDF62-2C53-4B29-85BC-82E1A04B3CCE}.Release|Any CPU.Build.0 = Release|Any CPU
		{7777CC2F-36B1-4B8C-9ED5-A084C97A6B48}.Debug|Any CPU.ActiveCfg = Debug|Any CPU
		{7777CC2F-36B1-4B8C-9ED5-A084C97A6B48}.Debug|Any CPU.Build.0 = Debug|Any CPU
		{7777CC2F-36B1-4B8C-9ED5-A084C97A6B48}.Release|Any CPU.ActiveCfg = Release|Any CPU
		{7777CC2F-36B1-4B8C-9ED5-A084C97A6B48}.Release|Any CPU.Build.0 = Release|Any CPU
		{4A20FFED-3ACD-44AC-AFB7-631CEB4C422D}.Debug|Any CPU.ActiveCfg = Debug|Any CPU
		{4A20FFED-3ACD-44AC-AFB7-631CEB4C422D}.Debug|Any CPU.Build.0 = Debug|Any CPU
		{4A20FFED-3ACD-44AC-AFB7-631CEB4C422D}.Release|Any CPU.ActiveCfg = Release|Any CPU
		{4A20FFED-3ACD-44AC-AFB7-631CEB4C422D}.Release|Any CPU.Build.0 = Release|Any CPU
	EndGlobalSection
	GlobalSection(SolutionProperties) = preSolution
		HideSolutionNode = FALSE
	EndGlobalSection
	GlobalSection(ExtensibilityGlobals) = postSolution
		SolutionGuid = {CBF95C49-83C9-4841-A49E-8B901FF11B1B}
	EndGlobalSection
EndGlobal
